# Audit snapshot, not an automatic dependency resolver.
snapshot_date: "2026-09-04"

selected_core:
  agent-client-protocol:
    repository: https://github.com/agentclientprotocol/agent-client-protocol.git
    commit: 37a7d4f8a0a0632653a14084b8140ceb486ab0e8
    license: Apache-2.0
    role: buzz_to_hermes_protocol_contract
  hermes-agent:
    repository: https://github.com/NousResearch/hermes-agent.git
    commit: 527da60844d4dced37879ea50259675371abe10e
    observed_version: 0.21.0
    license: MIT
    role: main_production_workhorse_and_native_acp_server
  buzz:
    repository: https://github.com/block/buzz.git
    commit: 1c8321cd08feb597f8bcff5195c21148fb3e98ed
    license: Apache-2.0
    role: human_interface_relay_and_buzz_acp
  omniroute:
    repository: https://github.com/diegosouzapw/OmniRoute.git
    commit: 488f57e9d3fccc8d1741fdf21d35d5730b118a18
    observed_version: 3.8.51
    license: MIT
    role: sole_model_api_gateway
  fubuki-os:
    repository: https://github.com/NerdHerderDani/fubuki-os.git
    commit: 7375e56d6a5dc857bfd43ceccbc09bbc817d575a
    observed_version: 0.1.0
    license: Apache-2.0
    role: governance_packet_compiler_and_bounds
  ai-memory:
    repository: https://github.com/akitaonrails/ai-memory.git
    commit: 73715b6f1b2f0abb0a8b0ed47c1f69b1bd1b806e
    observed_version: 1.39.0
    license: MIT
    role: durable_memory_substrate_for_four_logical_scopes
  gvisor:
    repository: https://github.com/google/gvisor.git
    commit: 80bb741691be65cedb6688ac518bef3664af0fcc
    license: Apache-2.0
    role: runtime_and_research_worker_containment

selected_later_planes:
  jit:
    repository: https://github.com/bingreeky/JIT.git
    commit: ababa06c2f54d799fd9fbc356e5368f61a452260
    license: MIT
    role: harness_foundry_generator
  gbrain:
    repository: https://github.com/garrytan/gbrain.git
    commit: 8c70f6255047a7647adb30b1d6333a48068d9fa5
    observed_version: 0.48.2.0
    license: MIT
    role: dream_phase_mechanism_and_provenance_source
  harnessrouter:
    repository: https://github.com/HarnessRouter/harnessrouter.git
    commit: 08d61ea145d6b78c433f6910547c1e7ee293c948
    license: Apache-2.0
    role: conditional_uhp_gateway_for_approved_generated_harnesses
  openharness:
    repository: https://github.com/HKUDS/OpenHarness.git
    commit: 9b2efd795c6aa09f88b0c257d269a9e518da6ae7
    observed_version: 0.1.9
    license: MIT
    role: foundry_reference_and_possible_host_not_assumed_minimal
  alphaeval:
    repository: https://github.com/GAIR-NLP/AlphaEval.git
    commit: 754efe2d3939fdfab85f64ef23cbd12647a462da
    license: MIT
    role: hardened_harness_and_agent_evaluation_lab
  pandaprobe:
    repository: https://github.com/chirpz-ai/pandaprobe.git
    commit: eec2a69b1a4d4dc492a2e80a2d974034c20de69e
    license: Apache-2.0
    role: observability_and_trace_analysis_plane

development_and_reference:
  ast-grep:
    repository: https://github.com/ast-grep/ast-grep.git
    commit: 29285d16757371a70a93190929940886e68618d3
    license: MIT
    role: deterministic_codemods
  comby:
    repository: https://github.com/comby-tools/comby.git
    commit: 3b6bdff7bc3b50361b621da9db030152772e7e6b
    license: Apache-2.0
    role: structural_rewrites
  openbot:
    repository: https://github.com/CopilotKit/OpenBot.git
    commit: 257c1280d684089be9adb0b35cce262efc7064bf
    license: MIT
    role: fail_closed_policy_semantics_reference

not_selected_as_stock_runtimes:
  codex-acp:
    repository: https://github.com/agentclientprotocol/codex-acp.git
    commit: 87997e2627e8fa246a49de533c612f6196c4004e
    observed_version: 1.8.0
    license: Apache-2.0
  claude-agent-acp:
    repository: https://github.com/agentclientprotocol/claude-agent-acp.git
    commit: ea7076c0bc324603e65d8c124b7573f158749969
    observed_version: 0.73.0
    license: Apache-2.0
  pi-acp:
    repository: https://github.com/svkozak/pi-acp.git
    commit: d1cffc047ab37a096ee70ca39cfc1de463db8d12
    observed_version: 0.0.33
    license: MIT
  codex-cli:
    repository: https://github.com/openai/codex.git
    commit: 8d32abcd017d06511b46050cff9dbba8738fc2fa
    license: Apache-2.0
  claude-code:
    repository: https://github.com/anthropics/claude-code.git
    commit: aef74afe01f65b602258d6102b0da9730ac6f0aa
    observed_version: 2.1.258
  pi:
    repository: https://github.com/earendil-works/pi.git
    commit: e266507b606b9552fa277252644054afd4384b11

# Advisory sandbox tooling (never in the production spine, never a gate) — pinned by release digest.
advisory_tooling:
  sentrux:
    repository: https://github.com/sentrux/sentrux.git
    release_tag: v0.5.7
    binary_asset: sentrux-linux-x86_64
    binary_sha256: 3237f80fe20d54aad4deefa8a143f0d60543bb5d2d6ad891eb42432f155725a6
    grammars_asset: grammars-linux-x86_64.tar.gz
    grammars_sha256: 8849f1eb07df3f6d4ea1ed422d8dee4b9b79a250682fa5646675dae466554454
    license: MIT
    role: advisory_architecture_health_sensor_for_build_lanes
    adopted: "2026-09-05 (owner decision; same standing as slopo)"
    telemetry: "opted out (sentrux analytics off); update check disabled (SENTRUX_DEV=1); grammars from the pinned tarball only"
  ripwire:
    repository: https://github.com/redhat-et/ripwire.git
    release_tag: v0.4.0
    commit: e663ca8f8a9340ffc38c777138c24825509a87d2
    asset_name: ripwire-0.4.0-linux-x64.tar.gz
    asset_sha256: fd0bd0fa849c0e08db59a6a7e5c2d3e9bc062d3089b54196daf9332cd21bbfc8
    binary_sha256: 6a1957b829f74e29b16caf550e90ea5504afa3ebd200c0b253f2f3afaae76aa3
    license: Apache-2.0
    role: advisory_code_intel_instrument_ranked_symbol_map_and_call_graph
    adopted: "2026-09-07 (owner ask; advisory, never a gate; binary only — bundled skills/hooks NOT installed)"
    telemetry: "no phone-home found (strings + --help audit: no telemetry/analytics subcommands, no outbound URLs beyond localhost/docs; the binary is documented offline — writes a per-root cache under TMPDIR only)"
  jev-pruner:
    repository: https://github.com/tamaratran/jev-pruner
    commit: 47d017c34eab7690b95f075ce6f4839247c5dc0a
    license: MIT
    vendored_at: "vendor/jev-pruner/ (PROVENANCE.md: copied from the commit object; dist/ built with TypeScript 5.9.3; ONE local change, the minTokensFloor option)"
    role: advisory_tool_output_pruner_replayed_by_scripts_jev_pipes_never_a_gate
    adopted: "2026-09-25 (owner-recommended plugin fast-jev-output, installed 2026-09-22; vendored for the P1 replay, task #231, D-087)"
  # slopo: pinned by its PyPI wheel. The key names avoid `repository`/`commit`/`*_sha256` on purpose: parse_lock
  # (scripts/vendored_manifest.py) requires a commit or binary pin for every `repository`, and a wheel is neither.
  slopo:
    package: slopo
    version: 0.6.0
    source: https://github.com/rafal-qa/slopo
    index: https://pypi.org/project/slopo/0.6.0/
    package_wheel: slopo-0.6.0-py3-none-any.whl
    package_wheel_digest: "sha256:ec9d2dd8c5e152c5f1e7cb1d88e25f44b215e3bef308a282a8a9259f5ec6105b"
    license: AGPL-3.0-or-later
    python: ">=3.12 (sandbox: /usr/bin/python3.12, 3.12.3)"
    venv: "/root/venv-slopo in the sandbox, ~/venv-slopo on the PC: its own venv, never the project venv; its source is never copied into this repository"
    embed_server_runtime: "onnxruntime 1.30.0, tokenizers 0.23.2, fastapi 0.141.1, uvicorn 0.54.0, in the same venv (pip check clean, 2026-09-25)"
    installed_by: "scripts/setup.sh, harness-ports/bin/pc-setup.sh (the wheel's digest checked before install)"
    role: advisory_semantic_duplicate_detector_never_a_gate
    adopted: "2026-09-05 (owner decision); installed and wired 2026-09-25 (INSTALL1, D-090)"

# Advisory model — the Laya typed-decisions checkpoint (J1-4, task #121). ADVISORY forever: never a term in any gate, lint,
# commit, push or proof (seeds/seed-laya-j1-v1.yaml; scripts/no_laya_in_gates.py). Every value below is the one J0 measured
# (docs/research/findings/LAYA-PROBE-1.md and its two JSONs); tests/test_laya_pin.py holds them equal. The key names avoid
# `repository`/`commit`/`*_sha256` pin keys on purpose: scripts/vendored_manifest.py's parse_lock reads those for the SBOM pin-diff.
advisory_models:
  laya-typed-decisions:
    checkpoint_source: https://huggingface.co/convaiinnovations/laya
    revision: "1c5edc17a7acd8701df6fc341c0d179f1c62c982"
    subfolder: typed-decisions
    weights_digest: "sha256:4fa56de72383a9d3efa9cfa78955733c81b9fc8067a587ca4beb82c78107a24e"
    package: laya
    package_version: 0.3.5
    package_wheel: laya-0.3.5-py3-none-any.whl
    package_wheel_digest: "sha256:4c57f64cbaf893bb5c7b4affddc2bf21a819f55df51941689f11868583be2903"
    runtime_measured: "torch 2.14.0 (+cpu in the sandbox, +cu130 on the PC), transformers 5.17.0, safetensors 0.8.0; FP32 on 4 pinned CPU threads"
    probe: docs/research/findings/LAYA-PROBE-1.md
    verdicts: "PC (reference) ASYNC-ONLY + DETERMINISTIC; sandbox SYNC-OK + DETERMINISTIC for its own instance"
    role: advisory_typed_decision_scorer_never_a_gate
    adopted: "2026-09-24 (J1-4; D-044, D-045; the PC endpoint is PCJ1, task #124)"
  rwkv7-goose-world2.9-0.4b:
    checkpoint_source: https://huggingface.co/RWKV/RWKV7-Goose-World2.9-0.4B-HF
    revision: "e94655a9fad2c8da9f25aba575d8f0fdedc05931"
    license: Apache-2.0
    architecture: "RWKV-7, 24 layers, hidden 1024, head_dim 64, vocab 65536 (config.json at this revision)"
    runtime_required: "flash-linear-attention 0.3.0, transformers 4.48 or later, trust_remote_code (modeling_rwkv7.py)"
    role: advisory_long_input_decision_student_candidate_never_a_gate
    adopted: "2026-09-24 (owner choice, D-079; not yet downloaded or run)"
  jina-embeddings-v2-base-code:
    checkpoint_source: https://huggingface.co/jinaai/jina-embeddings-v2-base-code
    revision: "516f4baf13dec4ddddda8631e019b5737c8bc250"
    license: Apache-2.0
    files: "onnx/model_quantized.onnx (int8, 161,895,621 bytes) and tokenizer.json (2,561,316 bytes), under .slopo-runtime/model/"
    onnx_digest: "sha256:ed45870251c9f0cf656e78aab0d37a23489066df8a222bb1c8caf8a45f2cb16d"
    tokenizer_digest: "sha256:b01c78a902aa4facb2f47f95449f48e2f7bbfea5d2472ee2f6ce92323c6f86e5"
    published_ids: "the ONNX digest is the file's Hugging Face LFS oid at this revision; tokenizer.json is not in LFS, and its git blob id 64a31466e9fdd5ef043ff0f07b97ee2e256a205e matches"
    served_by: "scripts/slopo_embed_server.py (127.0.0.1:8811, CPU, mean pooling; for slopo only)"
    role: advisory_code_embedding_model_for_slopo_never_a_gate
    adopted: "2026-09-25 (INSTALL1, D-090; the model the trading-system integration chose)"

# Advisory Jev runtimes (D-079, task #241). ADVISORY: never a term in any gate, lint, commit, push or proof. Pinned by commit;
# the key names avoid `repository`/`commit`/`*_sha256` on purpose, as advisory_models does (parse_lock reads those for the
# SBOM pin-diff). Used from a checkout at this revision, never vendored into this repository.
advisory_jev_runtimes:
  simple-jev:
    source: https://github.com/featherless-ai/simple-jev
    revision: "5686b217dd0330b81b3325a64c8ace319017f8a2"
    license: Apache-2.0
    used_parts: "common/ (the v1 prompt plan, request schema and response scoring) and hf-server/hf_prompt_policies.py"
    pc_checkout: "~/simple-jev; venv ~/venv-qwenjev: Python 3.13.11, pydantic 2.13.5, numpy 2.5.3 (2026-09-24)"
    role: advisory_typed_decision_prompt_rules_never_a_gate
    adopted: "2026-09-24 (owner pointer, D-079)"


# Local model serving — the vLLM Qwen3.8-27B container (D-032). A model behind OmniRoute (rule 3), never a direct egress.
local_model_server:
  qwen38-27b-rtx3090:
    image: ghcr.io/syv-ai/qwen38-27b-rtx3090:latest
    digest: sha256:c52d9033527df5249d2f7306b35173a47f4f87d45bb60927fbe93fdb4986aacb
    base_model: dbirks/Qwen3.8-27B-W4A16-AutoRound
    engine: "vLLM 0.28 (MTP/batch), one RTX 3090, OpenAI-compatible on loopback :8080"
    served_model_names: [qwen3.8-27b-local, qwen3.8-27b]  # qwen3.8-27b-local = the id OmniRoute's agentfactory-*-local combos forward
    boot_unit: "deploy/qwen.container (--user rootless podman Quadlet; Restart=always; default.target.wants; linger on)"
    role: keeper_local_model_server_behind_omniroute
    replaces: "the llama.cpp qwen-builder unit (D-027), retained as the manual fallback (autostart disabled 2026-09-16)"
    adopted: "2026-09-16 (owner; D-032); provenance docs/research/findings/VLLM-MIGRATION.md"

# Lane runtime pin — the Hermes that runs PC build/verify lanes (D-043 -> D-048 item 3).
# NOT the S0-01 proof runtime (selected_core.hermes-agent @ 527da60, untouched).
lane_runtime:
  hermes-agent-lane-runtime:
    commit: b3399c139624a0081d70397741a5b45f60fbe1f4
    version: "0.21.1"
    python: "3.11.15"
    sqlite: "3.53.1"
    role: "lane-runtime (scripts/pc_lane.sh -> hermes on the PC); NOT the S0-01 proof runtime"
    reason: "SQLite >= 3.51.3 for WAL on the shared profile state.db (VERIFY-B5j); owner-run hermes update 2026-09-08"
    diff_from_proof_pin: "31816 commits, 3939 files"
    verified: "harness-ports/tests/run-all.sh on the PC at 2ebd486, in a git clone with the lanes' AF_VENV, Python 3.13.11: all suites passed, rc 0, 2026-09-23 09:08Z (binary-free by its header); identity probe 2026-09-23 08:58Z: b3399c1, Hermes Agent v0.21.1, venv Python 3.11.15, SQLite 3.53.1, shared state.db WAL; 110 PC lane directories whose latest launch was at or after 2026-09-08 14:22:00Z (98 with a report; brief.md--0000000 never ran Hermes), tasks/briefs/hermes-repin/REPIN-a-R1-lane-record.md"

# The session toolchain (INSTALL1, D-090; the installation table, docs/research/findings/system1-context/
# AUDIT-2026-09-25.md section 7): the agents' development tools, never in the production spine. Each version is the one
# the install line pins and the one measured installed in the sandbox on 2026-09-25; a published npm or PyPI version is
# immutable. The key names avoid `repository`/`commit`/`*_sha256` on purpose (parse_lock, as above).
session_toolchain:
  graft:
    registry: npm
    package: "@nanonets/graft"
    version: 0.16.0
    installed_by: "scripts/setup.sh, harness-ports/bin/pc-setup.sh"
  gitnexus:
    registry: npm
    package: gitnexus
    version: 1.6.10
    installed_by: "scripts/setup.sh, harness-ports/bin/pc-setup.sh"
  codebase-memory-mcp:
    registry: "GitHub release (prebuilt binary)"
    source: https://github.com/DeusData/codebase-memory-mcp
    version: 0.10.8
    installed_by: "scripts/setup.sh (CBM_DOWNLOAD_URL names this release; the installer checks the archive against its checksums.txt). harness-ports/bin/pc-setup.sh still takes the latest release (PC version not measured)"
  code-review-graph:
    registry: PyPI
    package: code-review-graph
    version: 2.3.8
    installed_by: "scripts/setup.sh (/root/venv-crg). harness-ports/bin/pc-setup.sh installs it unpinned (PC version not measured)"
  ouroboros-ai:
    registry: PyPI
    package: ouroboros-ai
    version: 0.53.0
    installed_by: "scripts/setup.sh, harness-ports/bin/pc-setup.sh (uv tool install)"
  pytest:
    registry: PyPI
    version: 9.1.1
    installed_by: "scripts/setup.sh (the project venv). harness-ports/bin/pc-setup.sh installs it unpinned (PC version not measured)"
  pytest-xdist:
    registry: PyPI
    version: 3.8.0
    installed_by: "scripts/setup.sh (the project venv). harness-ports/bin/pc-setup.sh installs it unpinned (PC version not measured)"
  pyflakes:
    registry: PyPI
    version: 3.4.0
    installed_by: "scripts/setup.sh (the project venv). harness-ports/bin/pc-setup.sh installs it unpinned (PC version not measured)"
  mcp:
    registry: PyPI
    version: 1.29.1
    installed_by: "scripts/setup.sh, harness-ports/bin/pc-setup.sh (the v1 API aleph imports)"

# Vendored tooling: pinned by its committed bytes (sandbox-kit/VENDORED-MANIFEST.md hashes each tree) and by the named
# provenance file; scripts/setup.sh installs it from this repository, so nothing is downloaded.
vendored_tooling:
  honey-for-devs:
    path: sandbox-kit/honey-for-devs
    provenance: sandbox-kit/VENDORED-FROM.md
    installed_as: "plugin honey@greenpt from the vendored local marketplace (scripts/setup.sh)"
  council-of-high-intelligence:
    path: sandbox-kit/council-of-high-intelligence
    provenance: sandbox-kit/VENDORED-FROM.md
    installed_as: "/council and the council-* agents under ~/.claude (scripts/setup.sh)"
  llm-wiki-compiler:
    path: sandbox-kit/llm-wiki-compiler
    provenance: sandbox-kit/VENDORED-FROM.md
    installed_as: "/wiki-* commands and the wiki-compiler skill under ~/.claude (scripts/setup.sh)"
  aleph:
    path: sandbox-kit/aleph
    provenance: sandbox-kit/VENDORED-FROM.md
    installed_as: "editable into /root/venv-agent-factory (scripts/setup.sh)"
  output-styles:
    path: sandbox-kit/output-styles
    provenance: sandbox-kit/VENDORED-FROM.md
    installed_as: "copied to ~/.claude/output-styles (scripts/setup.sh)"
  prism-skills:
    path: ".claude/skills/prism-*"
    provenance: .claude/skills/PROVENANCE-PRISM.md
    installed_as: "loaded from the repository; no install step"
  aegis-skills:
    path: ".claude/skills/aegis-*"
    provenance: .claude/skills/PROVENANCE-AEGIS.md
    installed_as: "loaded from the repository; the aegis@aegis-dev plugin itself was installed by hand from a local clone at the same commit, and no script installs it (INSTALL1 report: NOT done)"

# Container-provided system tools: the container image brings them, and no repository script installs them. Versions
# measured in the sandbox on 2026-09-25; they move with the image, not with this file (scripts/setup.sh's smoke table
# prints each one every session). Absent by design: gh (the sandbox reaches GitHub through the GitHub MCP tools) and
# the RWKV/fla venvs (the PC only: ~/venv-rwkv and ~/venv-rwkv-b, PC-BRIDGE.md).
container_provided:
  node:
    measured_version: v22.22.2
  npm:
    measured_version: 10.9.7
  uv:
    measured_version: 0.8.17
  ripgrep:
    measured_version: 14.1.0
  jq:
    measured_version: "1.7"
  git:
    measured_version: 2.43.0
  claude-cli:
    measured_version: 2.1.280
  gnupg:
    measured_version: 2.4.4
  python3.12:
    measured_version: 3.12.3
